// !$*UTF8*$!
{
	archiveVersion = 1;
	classes = {
	};
	objectVersion = 46;
	objects = {

/* Begin PBXBuildFile section */
		14DD337C6F52BEFF65F0A689 /* KAsyncLoader.cpp in Sources */ = {isa = PBXBuildFile; fileRef = CB612128EB46B053D1C5FFFA /* KAsyncLoader.cpp */; };
		16602DCB1DD9264BCA43F5F1 /* KAPI.cpp in Sources */ = {isa = PBXBuildFile; fileRef = 0D09D2D91FDA71E63C9CDBE6 /* KAPI.cpp */; };
		1E2D4162FDAA4BD9926E5A5E /* GConfig.cpp in Sources */ = {isa = PBXBuildFile; fileRef = 74E7CD16E8ED443C8FCAA65B /* GConfig.cpp */; };
		21E2EACC72DC0C152D66F8D3 /* ServerView.cpp in Sources */ = {isa = PBXBuildFile; fileRef = 4E4E948A68A0FBD6B721F149 /* ServerView.cpp */; };
		2D200C37648751C461C82843 /* GDict.cpp in Sources */ = {isa = PBXBuildFile; fileRef = 9ED5072FC7D946D9D8B18F81 /* GDict.cpp */; };
		32761FA9BC63528D7FD49674 /* Listbox.cpp in Sources */ = {isa = PBXBuildFile; fileRef = 0D5EECC4F7C2ED12372BB717 /* Listbox.cpp */; };
		55304EF2C73B840529AF2B55 /* GNumber.cpp in Sources */ = {isa = PBXBuildFile; fileRef = A86E6F35B7D07032AA055582 /* GNumber.cpp */; };
		A8B864963F1531322CB787E7 /* UIElement.cpp in Sources */ = {isa = PBXBuildFile; fileRef = 67CE175D6485EA368F0C1DF8 /* UIElement.cpp */; };
		ABC1047A23B88A831239C82D /* GString.cpp in Sources */ = {isa = PBXBuildFile; fileRef = 43CADA1B02E1A37C8277A849 /* GString.cpp */; };
		B29084ED373217B513277C78 /* KServerList.cpp in Sources */ = {isa = PBXBuildFile; fileRef = BDAF355BAE77AC58D947B20F /* KServerList.cpp */; };
		B72567531897B9788516765C /* GArray.cpp in Sources */ = {isa = PBXBuildFile; fileRef = 0FD7B3D0559B481A480D61AE /* GArray.cpp */; };
		B778DA5ADA49363DA68FE191 /* KServer.cpp in Sources */ = {isa = PBXBuildFile; fileRef = E83AF3C7D2A0132590C7CF57 /* KServer.cpp */; };
		C2835A80CE6659B96F72B8CB /* Image.cpp in Sources */ = {isa = PBXBuildFile; fileRef = D4A0A8C5533A50D815D607A2 /* Image.cpp */; };
		D84DA39657F4431AE096CBDC /* Generic.cpp in Sources */ = {isa = PBXBuildFile; fileRef = 46741827128B56BE13DD86CB /* Generic.cpp */; };
		E3004B3483690086A7501B92 /* CSVReader.cpp in Sources */ = {isa = PBXBuildFile; fileRef = 80C988B59B6633C764986DFC /* CSVReader.cpp */; };
		E4328149138ABC9F0047C5CB /* openFrameworksDebug.a in Frameworks */ = {isa = PBXBuildFile; fileRef = E4328148138ABC890047C5CB /* openFrameworksDebug.a */; };
		E4B69E200A3A1BDC003C02F2 /* main.cpp in Sources */ = {isa = PBXBuildFile; fileRef = E4B69E1D0A3A1BDC003C02F2 /* main.cpp */; };
		E4B69E210A3A1BDC003C02F2 /* ofApp.cpp in Sources */ = {isa = PBXBuildFile; fileRef = E4B69E1E0A3A1BDC003C02F2 /* ofApp.cpp */; };
		F7DD82C416BE189FC6777E5A /* Button.cpp in Sources */ = {isa = PBXBuildFile; fileRef = AC339E5A0FFE897BF12146DD /* Button.cpp */; };
/* End PBXBuildFile section */

/* Begin PBXContainerItemProxy section */
		E4328147138ABC890047C5CB /* PBXContainerItemProxy */ = {
			isa = PBXContainerItemProxy;
			containerPortal = E4328143138ABC890047C5CB /* openFrameworksLib.xcodeproj */;
			proxyType = 2;
			remoteGlobalIDString = E4B27C1510CBEB8E00536013;
			remoteInfo = openFrameworks;
		};
		E4EEB9AB138B136A00A80321 /* PBXContainerItemProxy */ = {
			isa = PBXContainerItemProxy;
			containerPortal = E4328143138ABC890047C5CB /* openFrameworksLib.xcodeproj */;
			proxyType = 1;
			remoteGlobalIDString = E4B27C1410CBEB8E00536013;
			remoteInfo = openFrameworks;
		};
/* End PBXContainerItemProxy section */

/* Begin PBXCopyFilesBuildPhase section */
		E4C2427710CC5ABF004149E2 /* CopyFiles */ = {
			isa = PBXCopyFilesBuildPhase;
			buildActionMask = 2147483647;
			dstPath = "";
			dstSubfolderSpec = 10;
			files = (
			);
			runOnlyForDeploymentPostprocessing = 0;
		};
/* End PBXCopyFilesBuildPhase section */

/* Begin PBXFileReference section */
		0382E8FBEA5B713B4556719B /* KAsyncLoader.hpp */ = {isa = PBXFileReference; explicitFileType = sourcecode.c.h; fileEncoding = 30; name = KAsyncLoader.hpp; path = src/KAsyncLoader.hpp; sourceTree = SOURCE_ROOT; };
		0BDDA589F2333F5ECD3AAF65 /* GNumber.h */ = {isa = PBXFileReference; explicitFileType = sourcecode.c.h; fileEncoding = 30; name = GNumber.h; path = src/GNumber.h; sourceTree = SOURCE_ROOT; };
		0C1004DD7158522C86D9FD12 /* Generic.h */ = {isa = PBXFileReference; explicitFileType = sourcecode.c.h; fileEncoding = 30; name = Generic.h; path = src/Generic.h; sourceTree = SOURCE_ROOT; };
		0D09D2D91FDA71E63C9CDBE6 /* KAPI.cpp */ = {isa = PBXFileReference; explicitFileType = sourcecode.cpp.cpp; fileEncoding = 30; name = KAPI.cpp; path = src/KAPI.cpp; sourceTree = SOURCE_ROOT; };
		0D5EECC4F7C2ED12372BB717 /* Listbox.cpp */ = {isa = PBXFileReference; explicitFileType = sourcecode.cpp.cpp; fileEncoding = 30; name = Listbox.cpp; path = src/Listbox.cpp; sourceTree = SOURCE_ROOT; };
		0FD7B3D0559B481A480D61AE /* GArray.cpp */ = {isa = PBXFileReference; explicitFileType = sourcecode.cpp.cpp; fileEncoding = 30; name = GArray.cpp; path = src/GArray.cpp; sourceTree = SOURCE_ROOT; };
		1CB00B92A177631ABE1D5F60 /* Button.hpp */ = {isa = PBXFileReference; explicitFileType = sourcecode.c.h; fileEncoding = 30; name = Button.hpp; path = src/Button.hpp; sourceTree = SOURCE_ROOT; };
		24D97596124FC0C8E9B4E7AF /* ServerView.hpp */ = {isa = PBXFileReference; explicitFileType = sourcecode.c.h; fileEncoding = 30; name = ServerView.hpp; path = src/ServerView.hpp; sourceTree = SOURCE_ROOT; };
		25890D3626CBA24490204382 /* GDict.h */ = {isa = PBXFileReference; explicitFileType = sourcecode.c.h; fileEncoding = 30; name = GDict.h; path = src/GDict.h; sourceTree = SOURCE_ROOT; };
		2F711619107E8D547B8D902F /* Utils.h */ = {isa = PBXFileReference; explicitFileType = sourcecode.c.h; fileEncoding = 30; name = Utils.h; path = src/Utils.h; sourceTree = SOURCE_ROOT; };
		38669E0F355D29F19FF45C0B /* Generics.h */ = {isa = PBXFileReference; explicitFileType = sourcecode.c.h; fileEncoding = 30; name = Generics.h; path = src/Generics.h; sourceTree = SOURCE_ROOT; };
		3913B368827EEF75F846AC50 /* CSVReader.h */ = {isa = PBXFileReference; explicitFileType = sourcecode.c.h; fileEncoding = 30; name = CSVReader.h; path = src/CSVReader.h; sourceTree = SOURCE_ROOT; };
		3C257299FA471C4D9CB33242 /* Image.hpp */ = {isa = PBXFileReference; explicitFileType = sourcecode.c.h; fileEncoding = 30; name = Image.hpp; path = src/Image.hpp; sourceTree = SOURCE_ROOT; };
		43CADA1B02E1A37C8277A849 /* GString.cpp */ = {isa = PBXFileReference; explicitFileType = sourcecode.cpp.cpp; fileEncoding = 30; name = GString.cpp; path = src/GString.cpp; sourceTree = SOURCE_ROOT; };
		46741827128B56BE13DD86CB /* Generic.cpp */ = {isa = PBXFileReference; explicitFileType = sourcecode.cpp.cpp; fileEncoding = 30; name = Generic.cpp; path = src/Generic.cpp; sourceTree = SOURCE_ROOT; };
		4A7426787842D5774C7E756A /* KServer.hpp */ = {isa = PBXFileReference; explicitFileType = sourcecode.c.h; fileEncoding = 30; name = KServer.hpp; path = src/KServer.hpp; sourceTree = SOURCE_ROOT; };
		4E4E948A68A0FBD6B721F149 /* ServerView.cpp */ = {isa = PBXFileReference; explicitFileType = sourcecode.cpp.cpp; fileEncoding = 30; name = ServerView.cpp; path = src/ServerView.cpp; sourceTree = SOURCE_ROOT; };
		5F2BAA52A6C5673AF7F2F7DC /* GConfig.h */ = {isa = PBXFileReference; explicitFileType = sourcecode.c.h; fileEncoding = 30; name = GConfig.h; path = src/GConfig.h; sourceTree = SOURCE_ROOT; };
		631883AFE9D9570326410976 /* KAPI.hpp */ = {isa = PBXFileReference; explicitFileType = sourcecode.c.h; fileEncoding = 30; name = KAPI.hpp; path = src/KAPI.hpp; sourceTree = SOURCE_ROOT; };
		65E3BA275A1EFF338A37822F /* GString.h */ = {isa = PBXFileReference; explicitFileType = sourcecode.c.h; fileEncoding = 30; name = GString.h; path = src/GString.h; sourceTree = SOURCE_ROOT; };
		67CE175D6485EA368F0C1DF8 /* UIElement.cpp */ = {isa = PBXFileReference; explicitFileType = sourcecode.cpp.cpp; fileEncoding = 30; name = UIElement.cpp; path = src/UIElement.cpp; sourceTree = SOURCE_ROOT; };
		712B17D5AB78F01E2C712B37 /* Listbox.hpp */ = {isa = PBXFileReference; explicitFileType = sourcecode.c.h; fileEncoding = 30; name = Listbox.hpp; path = src/Listbox.hpp; sourceTree = SOURCE_ROOT; };
		74E7CD16E8ED443C8FCAA65B /* GConfig.cpp */ = {isa = PBXFileReference; explicitFileType = sourcecode.cpp.cpp; fileEncoding = 30; name = GConfig.cpp; path = src/GConfig.cpp; sourceTree = SOURCE_ROOT; };
		7738BA28D9625B138D0D66A0 /* KServerList.hpp */ = {isa = PBXFileReference; explicitFileType = sourcecode.c.h; fileEncoding = 30; name = KServerList.hpp; path = src/KServerList.hpp; sourceTree = SOURCE_ROOT; };
		80C988B59B6633C764986DFC /* CSVReader.cpp */ = {isa = PBXFileReference; explicitFileType = sourcecode.cpp.cpp; fileEncoding = 30; name = CSVReader.cpp; path = src/CSVReader.cpp; sourceTree = SOURCE_ROOT; };
		9EA3E4BC10B1E22DDDB060FE /* GArray.h */ = {isa = PBXFileReference; explicitFileType = sourcecode.c.h; fileEncoding = 30; name = GArray.h; path = src/GArray.h; sourceTree = SOURCE_ROOT; };
		9ED5072FC7D946D9D8B18F81 /* GDict.cpp */ = {isa = PBXFileReference; explicitFileType = sourcecode.cpp.cpp; fileEncoding = 30; name = GDict.cpp; path = src/GDict.cpp; sourceTree = SOURCE_ROOT; };
		A86E6F35B7D07032AA055582 /* GNumber.cpp */ = {isa = PBXFileReference; explicitFileType = sourcecode.cpp.cpp; fileEncoding = 30; name = GNumber.cpp; path = src/GNumber.cpp; sourceTree = SOURCE_ROOT; };
		AC339E5A0FFE897BF12146DD /* Button.cpp */ = {isa = PBXFileReference; explicitFileType = sourcecode.cpp.cpp; fileEncoding = 30; name = Button.cpp; path = src/Button.cpp; sourceTree = SOURCE_ROOT; };
		BDAF355BAE77AC58D947B20F /* KServerList.cpp */ = {isa = PBXFileReference; explicitFileType = sourcecode.cpp.cpp; fileEncoding = 30; name = KServerList.cpp; path = src/KServerList.cpp; sourceTree = SOURCE_ROOT; };
		CB612128EB46B053D1C5FFFA /* KAsyncLoader.cpp */ = {isa = PBXFileReference; explicitFileType = sourcecode.cpp.cpp; fileEncoding = 30; name = KAsyncLoader.cpp; path = src/KAsyncLoader.cpp; sourceTree = SOURCE_ROOT; };
		D4A0A8C5533A50D815D607A2 /* Image.cpp */ = {isa = PBXFileReference; explicitFileType = sourcecode.cpp.cpp; fileEncoding = 30; name = Image.cpp; path = src/Image.cpp; sourceTree = SOURCE_ROOT; };
		E4328143138ABC890047C5CB /* openFrameworksLib.xcodeproj */ = {isa = PBXFileReference; lastKnownFileType = "wrapper.pb-project"; name = openFrameworksLib.xcodeproj; path = ../../../libs/openFrameworksCompiled/project/osx/openFrameworksLib.xcodeproj; sourceTree = SOURCE_ROOT; };
		E4B69B5B0A3A1756003C02F2 /* KAGServersDebug.app */ = {isa = PBXFileReference; explicitFileType = wrapper.application; includeInIndex = 0; path = KAGServersDebug.app; sourceTree = BUILT_PRODUCTS_DIR; };
		E4B69E1D0A3A1BDC003C02F2 /* main.cpp */ = {isa = PBXFileReference; fileEncoding = 30; lastKnownFileType = sourcecode.cpp.cpp; name = main.cpp; path = src/main.cpp; sourceTree = SOURCE_ROOT; };
		E4B69E1E0A3A1BDC003C02F2 /* ofApp.cpp */ = {isa = PBXFileReference; explicitFileType = sourcecode.cpp.cpp; fileEncoding = 30; name = ofApp.cpp; path = src/ofApp.cpp; sourceTree = SOURCE_ROOT; };
		E4B69E1F0A3A1BDC003C02F2 /* ofApp.h */ = {isa = PBXFileReference; fileEncoding = 30; lastKnownFileType = sourcecode.c.h; name = ofApp.h; path = src/ofApp.h; sourceTree = SOURCE_ROOT; };
		E4B6FCAD0C3E899E008CF71C /* openFrameworks-Info.plist */ = {isa = PBXFileReference; fileEncoding = 30; lastKnownFileType = text.plist.xml; path = "openFrameworks-Info.plist"; sourceTree = "<group>"; };
		E4EB691F138AFCF100A09F29 /* CoreOF.xcconfig */ = {isa = PBXFileReference; fileEncoding = 4; lastKnownFileType = text.xcconfig; name = CoreOF.xcconfig; path = ../../../libs/openFrameworksCompiled/project/osx/CoreOF.xcconfig; sourceTree = SOURCE_ROOT; };
		E4EB6923138AFD0F00A09F29 /* Project.xcconfig */ = {isa = PBXFileReference; fileEncoding = 4; lastKnownFileType = text.xcconfig; path = Project.xcconfig; sourceTree = "<group>"; };
		E83AF3C7D2A0132590C7CF57 /* KServer.cpp */ = {isa = PBXFileReference; explicitFileType = sourcecode.cpp.cpp; fileEncoding = 30; name = KServer.cpp; path = src/KServer.cpp; sourceTree = SOURCE_ROOT; };
		F91783EA7EADFFB8A2CCA8A9 /* UIElement.hpp */ = {isa = PBXFileReference; explicitFileType = sourcecode.c.h; fileEncoding = 30; name = UIElement.hpp; path = src/UIElement.hpp; sourceTree = SOURCE_ROOT; };
/* End PBXFileReference section */

/* Begin PBXFrameworksBuildPhase section */
		E4B69B590A3A1756003C02F2 /* Frameworks */ = {
			isa = PBXFrameworksBuildPhase;
			buildActionMask = 2147483647;
			files = (
				E4328149138ABC9F0047C5CB /* openFrameworksDebug.a in Frameworks */,
			);
			runOnlyForDeploymentPostprocessing = 0;
		};
/* End PBXFrameworksBuildPhase section */

/* Begin PBXGroup section */
		168964BE1C32749C00E4DB9D /* JSON */ = {
			isa = PBXGroup;
			children = (
				2F711619107E8D547B8D902F /* Utils.h */,
				0FD7B3D0559B481A480D61AE /* GArray.cpp */,
				9EA3E4BC10B1E22DDDB060FE /* GArray.h */,
				74E7CD16E8ED443C8FCAA65B /* GConfig.cpp */,
				5F2BAA52A6C5673AF7F2F7DC /* GConfig.h */,
				9ED5072FC7D946D9D8B18F81 /* GDict.cpp */,
				25890D3626CBA24490204382 /* GDict.h */,
				46741827128B56BE13DD86CB /* Generic.cpp */,
				0C1004DD7158522C86D9FD12 /* Generic.h */,
				38669E0F355D29F19FF45C0B /* Generics.h */,
				A86E6F35B7D07032AA055582 /* GNumber.cpp */,
				0BDDA589F2333F5ECD3AAF65 /* GNumber.h */,
				43CADA1B02E1A37C8277A849 /* GString.cpp */,
				65E3BA275A1EFF338A37822F /* GString.h */,
			);
			name = JSON;
			sourceTree = "<group>";
		};
		168964BF1C3274AB00E4DB9D /* KAG */ = {
			isa = PBXGroup;
			children = (
				80C988B59B6633C764986DFC /* CSVReader.cpp */,
				3913B368827EEF75F846AC50 /* CSVReader.h */,
				0D09D2D91FDA71E63C9CDBE6 /* KAPI.cpp */,
				631883AFE9D9570326410976 /* KAPI.hpp */,
				CB612128EB46B053D1C5FFFA /* KAsyncLoader.cpp */,
				0382E8FBEA5B713B4556719B /* KAsyncLoader.hpp */,
				E83AF3C7D2A0132590C7CF57 /* KServer.cpp */,
				4A7426787842D5774C7E756A /* KServer.hpp */,
				BDAF355BAE77AC58D947B20F /* KServerList.cpp */,
				7738BA28D9625B138D0D66A0 /* KServerList.hpp */,
			);
			name = KAG;
			sourceTree = "<group>";
		};
		168964C01C3274C700E4DB9D /* GUI */ = {
			isa = PBXGroup;
			children = (
				D4A0A8C5533A50D815D607A2 /* Image.cpp */,
				3C257299FA471C4D9CB33242 /* Image.hpp */,
				AC339E5A0FFE897BF12146DD /* Button.cpp */,
				1CB00B92A177631ABE1D5F60 /* Button.hpp */,
				0D5EECC4F7C2ED12372BB717 /* Listbox.cpp */,
				712B17D5AB78F01E2C712B37 /* Listbox.hpp */,
				4E4E948A68A0FBD6B721F149 /* ServerView.cpp */,
				24D97596124FC0C8E9B4E7AF /* ServerView.hpp */,
				67CE175D6485EA368F0C1DF8 /* UIElement.cpp */,
				F91783EA7EADFFB8A2CCA8A9 /* UIElement.hpp */,
			);
			name = GUI;
			sourceTree = "<group>";
		};
		6948EE371B920CB800B5AC1A /* local_addons */ = {
			isa = PBXGroup;
			children = (
			);
			name = local_addons;
			sourceTree = "<group>";
		};
		BB4B014C10F69532006C3DED /* addons */ = {
			isa = PBXGroup;
			children = (
			);
			name = addons;
			sourceTree = "<group>";
		};
		E4328144138ABC890047C5CB /* Products */ = {
			isa = PBXGroup;
			children = (
				E4328148138ABC890047C5CB /* openFrameworksDebug.a */,
			);
			name = Products;
			sourceTree = "<group>";
		};
		E4B69B4A0A3A1720003C02F2 = {
			isa = PBXGroup;
			children = (
				E4B6FCAD0C3E899E008CF71C /* openFrameworks-Info.plist */,
				E4EB6923138AFD0F00A09F29 /* Project.xcconfig */,
				E4B69E1C0A3A1BDC003C02F2 /* src */,
				E4EEC9E9138DF44700A80321 /* openFrameworks */,
				BB4B014C10F69532006C3DED /* addons */,
				6948EE371B920CB800B5AC1A /* local_addons */,
				E4B69B5B0A3A1756003C02F2 /* KAGServersDebug.app */,
			);
			sourceTree = "<group>";
		};
		E4B69E1C0A3A1BDC003C02F2 /* src */ = {
			isa = PBXGroup;
			children = (
				E4B69E1D0A3A1BDC003C02F2 /* main.cpp */,
				E4B69E1E0A3A1BDC003C02F2 /* ofApp.cpp */,
				E4B69E1F0A3A1BDC003C02F2 /* ofApp.h */,
				168964C01C3274C700E4DB9D /* GUI */,
				168964BE1C32749C00E4DB9D /* JSON */,
				168964BF1C3274AB00E4DB9D /* KAG */,
			);
			path = src;
			sourceTree = SOURCE_ROOT;
		};
		E4EEC9E9138DF44700A80321 /* openFrameworks */ = {
			isa = PBXGroup;
			children = (
				E4EB691F138AFCF100A09F29 /* CoreOF.xcconfig */,
				E4328143138ABC890047C5CB /* openFrameworksLib.xcodeproj */,
			);
			name = openFrameworks;
			sourceTree = "<group>";
		};
/* End PBXGroup section */

/* Begin PBXNativeTarget section */
		E4B69B5A0A3A1756003C02F2 /* KAGServers */ = {
			isa = PBXNativeTarget;
			buildConfigurationList = E4B69B5F0A3A1757003C02F2 /* Build configuration list for PBXNativeTarget "KAGServers" */;
			buildPhases = (
				E4B69B580A3A1756003C02F2 /* Sources */,
				E4B69B590A3A1756003C02F2 /* Frameworks */,
				E4B6FFFD0C3F9AB9008CF71C /* ShellScript */,
				E4C2427710CC5ABF004149E2 /* CopyFiles */,
			);
			buildRules = (
			);
			dependencies = (
				E4EEB9AC138B136A00A80321 /* PBXTargetDependency */,
			);
			name = KAGServers;
			productName = myOFApp;
			productReference = E4B69B5B0A3A1756003C02F2 /* KAGServersDebug.app */;
			productType = "com.apple.product-type.application";
		};
/* End PBXNativeTarget section */

/* Begin PBXProject section */
		E4B69B4C0A3A1720003C02F2 /* Project object */ = {
			isa = PBXProject;
			attributes = {
				LastUpgradeCheck = 0600;
			};
			buildConfigurationList = E4B69B4D0A3A1720003C02F2 /* Build configuration list for PBXProject "KAGServers" */;
			compatibilityVersion = "Xcode 3.2";
			developmentRegion = English;
			hasScannedForEncodings = 0;
			knownRegions = (
				English,
				Japanese,
				French,
				German,
			);
			mainGroup = E4B69B4A0A3A1720003C02F2;
			productRefGroup = E4B69B4A0A3A1720003C02F2;
			projectDirPath = "";
			projectReferences = (
				{
					ProductGroup = E4328144138ABC890047C5CB /* Products */;
					ProjectRef = E4328143138ABC890047C5CB /* openFrameworksLib.xcodeproj */;
				},
			);
			projectRoot = "";
			targets = (
				E4B69B5A0A3A1756003C02F2 /* KAGServers */,
			);
		};
/* End PBXProject section */

/* Begin PBXReferenceProxy section */
		E4328148138ABC890047C5CB /* openFrameworksDebug.a */ = {
			isa = PBXReferenceProxy;
			fileType = archive.ar;
			path = openFrameworksDebug.a;
			remoteRef = E4328147138ABC890047C5CB /* PBXContainerItemProxy */;
			sourceTree = BUILT_PRODUCTS_DIR;
		};
/* End PBXReferenceProxy section */

/* Begin PBXShellScriptBuildPhase section */
		E4B6FFFD0C3F9AB9008CF71C /* ShellScript */ = {
			isa = PBXShellScriptBuildPhase;
			buildActionMask = 2147483647;
			files = (
			);
			inputPaths = (
			);
			outputPaths = (
			);
			runOnlyForDeploymentPostprocessing = 0;
			shellPath = /bin/sh;
			shellScript = "rsync -aved ../../../libs/fmodex/lib/osx/libfmodex.dylib \"$TARGET_BUILD_DIR/$PRODUCT_NAME.app/Contents/MacOS/\"; install_name_tool -change ./libfmodex.dylib @executable_path/libfmodex.dylib \"$TARGET_BUILD_DIR/$PRODUCT_NAME.app/Contents/MacOS/$PRODUCT_NAME\";\nmkdir -p \"$TARGET_BUILD_DIR/$PRODUCT_NAME.app/Contents/Resources/\"\nrsync -aved \"$ICON_FILE\" \"$TARGET_BUILD_DIR/$PRODUCT_NAME.app/Contents/Resources/\"\nrsync -aved ../../../libs/glut/lib/osx/GLUT.framework \"$TARGET_BUILD_DIR/$PRODUCT_NAME.app/Contents/Frameworks/\"\n";
		};
/* End PBXShellScriptBuildPhase section */

/* Begin PBXSourcesBuildPhase section */
		E4B69B580A3A1756003C02F2 /* Sources */ = {
			isa = PBXSourcesBuildPhase;
			buildActionMask = 2147483647;
			files = (
				E4B69E200A3A1BDC003C02F2 /* main.cpp in Sources */,
				E4B69E210A3A1BDC003C02F2 /* ofApp.cpp in Sources */,
				F7DD82C416BE189FC6777E5A /* Button.cpp in Sources */,
				E3004B3483690086A7501B92 /* CSVReader.cpp in Sources */,
				B72567531897B9788516765C /* GArray.cpp in Sources */,
				1E2D4162FDAA4BD9926E5A5E /* GConfig.cpp in Sources */,
				2D200C37648751C461C82843 /* GDict.cpp in Sources */,
				D84DA39657F4431AE096CBDC /* Generic.cpp in Sources */,
				55304EF2C73B840529AF2B55 /* GNumber.cpp in Sources */,
				ABC1047A23B88A831239C82D /* GString.cpp in Sources */,
				C2835A80CE6659B96F72B8CB /* Image.cpp in Sources */,
				16602DCB1DD9264BCA43F5F1 /* KAPI.cpp in Sources */,
				14DD337C6F52BEFF65F0A689 /* KAsyncLoader.cpp in Sources */,
				B778DA5ADA49363DA68FE191 /* KServer.cpp in Sources */,
				B29084ED373217B513277C78 /* KServerList.cpp in Sources */,
				32761FA9BC63528D7FD49674 /* Listbox.cpp in Sources */,
				21E2EACC72DC0C152D66F8D3 /* ServerView.cpp in Sources */,
				A8B864963F1531322CB787E7 /* UIElement.cpp in Sources */,
			);
			runOnlyForDeploymentPostprocessing = 0;
		};
/* End PBXSourcesBuildPhase section */

/* Begin PBXTargetDependency section */
		E4EEB9AC138B136A00A80321 /* PBXTargetDependency */ = {
			isa = PBXTargetDependency;
			name = openFrameworks;
			targetProxy = E4EEB9AB138B136A00A80321 /* PBXContainerItemProxy */;
		};
/* End PBXTargetDependency section */

/* Begin XCBuildConfiguration section */
		E4B69B4E0A3A1720003C02F2 /* Debug */ = {
			isa = XCBuildConfiguration;
			baseConfigurationReference = E4EB6923138AFD0F00A09F29 /* Project.xcconfig */;
			buildSettings = {
				CONFIGURATION_BUILD_DIR = "$(SRCROOT)/bin/";
				COPY_PHASE_STRIP = NO;
				DEAD_CODE_STRIPPING = YES;
				GCC_AUTO_VECTORIZATION = YES;
				GCC_ENABLE_SSE3_EXTENSIONS = YES;
				GCC_ENABLE_SUPPLEMENTAL_SSE3_INSTRUCTIONS = YES;
				GCC_INLINES_ARE_PRIVATE_EXTERN = NO;
				GCC_OPTIMIZATION_LEVEL = 0;
				GCC_SYMBOLS_PRIVATE_EXTERN = NO;
				GCC_WARN_ABOUT_DEPRECATED_FUNCTIONS = YES;
				GCC_WARN_ABOUT_INVALID_OFFSETOF_MACRO = NO;
				GCC_WARN_ALLOW_INCOMPLETE_PROTOCOL = NO;
				GCC_WARN_UNINITIALIZED_AUTOS = NO;
				GCC_WARN_UNUSED_VALUE = NO;
				GCC_WARN_UNUSED_VARIABLE = NO;
				HEADER_SEARCH_PATHS = (
					"$(OF_CORE_HEADERS)",
					src,
				);
				MACOSX_DEPLOYMENT_TARGET = 10.8;
				ONLY_ACTIVE_ARCH = YES;
				OTHER_CPLUSPLUSFLAGS = (
					"-D__MACOSX_CORE__",
					"-mtune=native",
				);
				SDKROOT = macosx;
			};
			name = Debug;
		};
		E4B69B4F0A3A1720003C02F2 /* Release */ = {
			isa = XCBuildConfiguration;
			baseConfigurationReference = E4EB6923138AFD0F00A09F29 /* Project.xcconfig */;
			buildSettings = {
				CONFIGURATION_BUILD_DIR = "$(SRCROOT)/bin/";
				COPY_PHASE_STRIP = YES;
				DEAD_CODE_STRIPPING = YES;
				GCC_AUTO_VECTORIZATION = YES;
				GCC_ENABLE_SSE3_EXTENSIONS = YES;
				GCC_ENABLE_SUPPLEMENTAL_SSE3_INSTRUCTIONS = YES;
				GCC_INLINES_ARE_PRIVATE_EXTERN = NO;
				GCC_OPTIMIZATION_LEVEL = 3;
				GCC_SYMBOLS_PRIVATE_EXTERN = NO;
				GCC_UNROLL_LOOPS = YES;
				GCC_WARN_ABOUT_DEPRECATED_FUNCTIONS = YES;
				GCC_WARN_ABOUT_INVALID_OFFSETOF_MACRO = NO;
				GCC_WARN_ALLOW_INCOMPLETE_PROTOCOL = NO;
				GCC_WARN_UNINITIALIZED_AUTOS = NO;
				GCC_WARN_UNUSED_VALUE = NO;
				GCC_WARN_UNUSED_VARIABLE = NO;
				HEADER_SEARCH_PATHS = (
					"$(OF_CORE_HEADERS)",
					src,
				);
				MACOSX_DEPLOYMENT_TARGET = 10.8;
				OTHER_CPLUSPLUSFLAGS = (
					"-D__MACOSX_CORE__",
					"-mtune=native",
				);
				SDKROOT = macosx;
			};
			name = Release;
		};
		E4B69B600A3A1757003C02F2 /* Debug */ = {
			isa = XCBuildConfiguration;
			baseConfigurationReference = E4EB6923138AFD0F00A09F29 /* Project.xcconfig */;
			buildSettings = {
				COMBINE_HIDPI_IMAGES = YES;
				COPY_PHASE_STRIP = NO;
				FRAMEWORK_SEARCH_PATHS = (
					"$(inherited)",
					"$(FRAMEWORK_SEARCH_PATHS_QUOTED_FOR_TARGET_1)",
				);
				FRAMEWORK_SEARCH_PATHS_QUOTED_FOR_TARGET_1 = "\"$(SRCROOT)/../../../libs/glut/lib/osx\"";
				GCC_DYNAMIC_NO_PIC = NO;
				GCC_GENERATE_DEBUGGING_SYMBOLS = YES;
				GCC_MODEL_TUNING = NONE;
				HEADER_SEARCH_PATHS = (
					"$(OF_CORE_HEADERS)",
					src,
				);
				ICON = "$(ICON_NAME_DEBUG)";
				ICON_FILE = "$(ICON_FILE_PATH)$(ICON)";
				INFOPLIST_FILE = "openFrameworks-Info.plist";
				INSTALL_PATH = "$(HOME)/Applications";
				LIBRARY_SEARCH_PATHS = "$(inherited)";
				PRODUCT_NAME = "$(TARGET_NAME)Debug";
				WRAPPER_EXTENSION = app;
			};
			name = Debug;
		};
		E4B69B610A3A1757003C02F2 /* Release */ = {
			isa = XCBuildConfiguration;
			baseConfigurationReference = E4EB6923138AFD0F00A09F29 /* Project.xcconfig */;
			buildSettings = {
				COMBINE_HIDPI_IMAGES = YES;
				COPY_PHASE_STRIP = YES;
				FRAMEWORK_SEARCH_PATHS = (
					"$(inherited)",
					"$(FRAMEWORK_SEARCH_PATHS_QUOTED_FOR_TARGET_1)",
				);
				FRAMEWORK_SEARCH_PATHS_QUOTED_FOR_TARGET_1 = "\"$(SRCROOT)/../../../libs/glut/lib/osx\"";
				GCC_GENERATE_DEBUGGING_SYMBOLS = YES;
				GCC_MODEL_TUNING = NONE;
				HEADER_SEARCH_PATHS = (
					"$(OF_CORE_HEADERS)",
					src,
				);
				ICON = "$(ICON_NAME_RELEASE)";
				ICON_FILE = "$(ICON_FILE_PATH)$(ICON)";
				INFOPLIST_FILE = "openFrameworks-Info.plist";
				INSTALL_PATH = "$(HOME)/Applications";
				LIBRARY_SEARCH_PATHS = "$(inherited)";
				PRODUCT_NAME = "$(TARGET_NAME)";
				WRAPPER_EXTENSION = app;
				baseConfigurationReference = E4EB6923138AFD0F00A09F29;
			};
			name = Release;
		};
/* End XCBuildConfiguration section */

/* Begin XCConfigurationList section */
		E4B69B4D0A3A1720003C02F2 /* Build configuration list for PBXProject "KAGServers" */ = {
			isa = XCConfigurationList;
			buildConfigurations = (
				E4B69B4E0A3A1720003C02F2 /* Debug */,
				E4B69B4F0A3A1720003C02F2 /* Release */,
			);
			defaultConfigurationIsVisible = 0;
			defaultConfigurationName = Release;
		};
		E4B69B5F0A3A1757003C02F2 /* Build configuration list for PBXNativeTarget "KAGServers" */ = {
			isa = XCConfigurationList;
			buildConfigurations = (
				E4B69B600A3A1757003C02F2 /* Debug */,
				E4B69B610A3A1757003C02F2 /* Release */,
			);
			defaultConfigurationIsVisible = 0;
			defaultConfigurationName = Release;
		};
/* End XCConfigurationList section */
	};
	rootObject = E4B69B4C0A3A1720003C02F2 /* Project object */;
}
